// !$*UTF8*$!
{
	archiveVersion = 1;
	classes = {
	};
	objectVersion = 55;
	objects = {

/* Begin PBXBuildFile section */
		23695F47821BAB545517DEFD /* Pods_Movies_List.framework in Frameworks */ = {isa = PBXBuildFile; fileRef = D03EDA0FB0E4E032C25EF4D8 /* Pods_Movies_List.framework */; };
		7E5A67712D7F7784095B949B /* Pods_Movies_List_Movies_ListUITests.framework in Frameworks */ = {isa = PBXBuildFile; fileRef = 4B372058AA053FAA3A9226E0 /* Pods_Movies_List_Movies_ListUITests.framework */; };
		B61E1DF780F33B8DB4D38AFA /* Pods_Movies_ListTests.framework in Frameworks */ = {isa = PBXBuildFile; fileRef = 6F81CBE2620AC23F74D020C8 /* Pods_Movies_ListTests.framework */; };
		FA25A2012A91765700D9A9BA /* AppDelegate.swift in Sources */ = {isa = PBXBuildFile; fileRef = FA25A2002A91765700D9A9BA /* AppDelegate.swift */; };
		FA25A2032A91765700D9A9BA /* SceneDelegate.swift in Sources */ = {isa = PBXBuildFile; fileRef = FA25A2022A91765700D9A9BA /* SceneDelegate.swift */; };
		FA25A20A2A91765900D9A9BA /* Assets.xcassets in Resources */ = {isa = PBXBuildFile; fileRef = FA25A2092A91765900D9A9BA /* Assets.xcassets */; };
		FA25A20D2A91765900D9A9BA /* LaunchScreen.storyboard in Resources */ = {isa = PBXBuildFile; fileRef = FA25A20B2A91765900D9A9BA /* LaunchScreen.storyboard */; };
		FA25A2182A91765900D9A9BA /* Movies_ListTests.swift in Sources */ = {isa = PBXBuildFile; fileRef = FA25A2172A91765900D9A9BA /* Movies_ListTests.swift */; };
		FA25A2222A91765900D9A9BA /* Movies_ListUITests.swift in Sources */ = {isa = PBXBuildFile; fileRef = FA25A2212A91765900D9A9BA /* Movies_ListUITests.swift */; };
		FA25A2242A91765900D9A9BA /* Movies_ListUITestsLaunchTests.swift in Sources */ = {isa = PBXBuildFile; fileRef = FA25A2232A91765900D9A9BA /* Movies_ListUITestsLaunchTests.swift */; };
		FA25A2342A917A4E00D9A9BA /* PopularMoviesViewController.swift in Sources */ = {isa = PBXBuildFile; fileRef = FA25A2322A917A4E00D9A9BA /* PopularMoviesViewController.swift */; };
		FA25A2352A917A4E00D9A9BA /* PopularMoviesViewController.xib in Resources */ = {isa = PBXBuildFile; fileRef = FA25A2332A917A4E00D9A9BA /* PopularMoviesViewController.xib */; };
		FA5DAC8F2A922A760076918F /* PopularMovieCell.swift in Sources */ = {isa = PBXBuildFile; fileRef = FA5DAC8D2A922A760076918F /* PopularMovieCell.swift */; };
		FA5DAC902A922A760076918F /* PopularMovieCell.xib in Resources */ = {isa = PBXBuildFile; fileRef = FA5DAC8E2A922A760076918F /* PopularMovieCell.xib */; };
		FA5DAC932A922E050076918F /* MovieSummary.swift in Sources */ = {isa = PBXBuildFile; fileRef = FA5DAC922A922E050076918F /* MovieSummary.swift */; };
		FA5DACA52A9233DD0076918F /* NetworkClient.swift in Sources */ = {isa = PBXBuildFile; fileRef = FA5DACA02A9233DD0076918F /* NetworkClient.swift */; };
		FA5DACA72A9233DD0076918F /* EndPoints.swift in Sources */ = {isa = PBXBuildFile; fileRef = FA5DACA22A9233DD0076918F /* EndPoints.swift */; };
		FA5DACA92A9233DD0076918F /* NetworkManager.swift in Sources */ = {isa = PBXBuildFile; fileRef = FA5DACA42A9233DD0076918F /* NetworkManager.swift */; };
		FA5DACB12A923A970076918F /* PopularMoviesViewModel.swift in Sources */ = {isa = PBXBuildFile; fileRef = FA5DACB02A923A970076918F /* PopularMoviesViewModel.swift */; };
		FA5DACB72A92ABF20076918F /* MovieDetailsVC.swift in Sources */ = {isa = PBXBuildFile; fileRef = FA5DACB52A92ABF20076918F /* MovieDetailsVC.swift */; };
		FA5DACB82A92ABF20076918F /* MovieDetailsVC.xib in Resources */ = {isa = PBXBuildFile; fileRef = FA5DACB62A92ABF20076918F /* MovieDetailsVC.xib */; };
		FA5DACBB2A92B9B80076918F /* MovieDetails.swift in Sources */ = {isa = PBXBuildFile; fileRef = FA5DACBA2A92B9B80076918F /* MovieDetails.swift */; };
		FA5DACBF2A92BCDA0076918F /* MovieDetailsViewModel.swift in Sources */ = {isa = PBXBuildFile; fileRef = FA5DACBE2A92BCDA0076918F /* MovieDetailsViewModel.swift */; };
		FA5DACC32A92CCA00076918F /* ViewController.swift in Sources */ = {isa = PBXBuildFile; fileRef = FA5DACC22A92CCA00076918F /* ViewController.swift */; };
/* End PBXBuildFile section */

/* Begin PBXContainerItemProxy section */
		FA25A2142A91765900D9A9BA /* PBXContainerItemProxy */ = {
			isa = PBXContainerItemProxy;
			containerPortal = FA25A1F52A91765700D9A9BA /* Project object */;
			proxyType = 1;
			remoteGlobalIDString = FA25A1FC2A91765700D9A9BA;
			remoteInfo = "Movies-List";
		};
		FA25A21E2A91765900D9A9BA /* PBXContainerItemProxy */ = {
			isa = PBXContainerItemProxy;
			containerPortal = FA25A1F52A91765700D9A9BA /* Project object */;
			proxyType = 1;
			remoteGlobalIDString = FA25A1FC2A91765700D9A9BA;
			remoteInfo = "Movies-List";
		};
/* End PBXContainerItemProxy section */

/* Begin PBXFileReference section */
		4B372058AA053FAA3A9226E0 /* Pods_Movies_List_Movies_ListUITests.framework */ = {isa = PBXFileReference; explicitFileType = wrapper.framework; includeInIndex = 0; path = Pods_Movies_List_Movies_ListUITests.framework; sourceTree = BUILT_PRODUCTS_DIR; };
		52F4FBC2699D502DBE55BBA9 /* Pods-Movies-List-Movies-ListUITests.debug.xcconfig */ = {isa = PBXFileReference; includeInIndex = 1; lastKnownFileType = text.xcconfig; name = "Pods-Movies-List-Movies-ListUITests.debug.xcconfig"; path = "Target Support Files/Pods-Movies-List-Movies-ListUITests/Pods-Movies-List-Movies-ListUITests.debug.xcconfig"; sourceTree = "<group>"; };
		6F81CBE2620AC23F74D020C8 /* Pods_Movies_ListTests.framework */ = {isa = PBXFileReference; explicitFileType = wrapper.framework; includeInIndex = 0; path = Pods_Movies_ListTests.framework; sourceTree = BUILT_PRODUCTS_DIR; };
		A9C8143698DE6B1A52E09795 /* Pods-Movies-List.release.xcconfig */ = {isa = PBXFileReference; includeInIndex = 1; lastKnownFileType = text.xcconfig; name = "Pods-Movies-List.release.xcconfig"; path = "Target Support Files/Pods-Movies-List/Pods-Movies-List.release.xcconfig"; sourceTree = "<group>"; };
		AE875899092ACE89F426A0F8 /* Pods-Movies-ListTests.release.xcconfig */ = {isa = PBXFileReference; includeInIndex = 1; lastKnownFileType = text.xcconfig; name = "Pods-Movies-ListTests.release.xcconfig"; path = "Target Support Files/Pods-Movies-ListTests/Pods-Movies-ListTests.release.xcconfig"; sourceTree = "<group>"; };
		D03EDA0FB0E4E032C25EF4D8 /* Pods_Movies_List.framework */ = {isa = PBXFileReference; explicitFileType = wrapper.framework; includeInIndex = 0; path = Pods_Movies_List.framework; sourceTree = BUILT_PRODUCTS_DIR; };
		DD17AAD122CD25D3081762F4 /* Pods-Movies-List.debug.xcconfig */ = {isa = PBXFileReference; includeInIndex = 1; lastKnownFileType = text.xcconfig; name = "Pods-Movies-List.debug.xcconfig"; path = "Target Support Files/Pods-Movies-List/Pods-Movies-List.debug.xcconfig"; sourceTree = "<group>"; };
		E063426ECDD6238E36FA2629 /* Pods-Movies-ListTests.debug.xcconfig */ = {isa = PBXFileReference; includeInIndex = 1; lastKnownFileType = text.xcconfig; name = "Pods-Movies-ListTests.debug.xcconfig"; path = "Target Support Files/Pods-Movies-ListTests/Pods-Movies-ListTests.debug.xcconfig"; sourceTree = "<group>"; };
		F053F6DC704BEF58F09C05D5 /* Pods-Movies-List-Movies-ListUITests.release.xcconfig */ = {isa = PBXFileReference; includeInIndex = 1; lastKnownFileType = text.xcconfig; name = "Pods-Movies-List-Movies-ListUITests.release.xcconfig"; path = "Target Support Files/Pods-Movies-List-Movies-ListUITests/Pods-Movies-List-Movies-ListUITests.release.xcconfig"; sourceTree = "<group>"; };
		FA25A1FD2A91765700D9A9BA /* Movies-List.app */ = {isa = PBXFileReference; explicitFileType = wrapper.application; includeInIndex = 0; path = "Movies-List.app"; sourceTree = BUILT_PRODUCTS_DIR; };
		FA25A2002A91765700D9A9BA /* AppDelegate.swift */ = {isa = PBXFileReference; lastKnownFileType = sourcecode.swift; path = AppDelegate.swift; sourceTree = "<group>"; };
		FA25A2022A91765700D9A9BA /* SceneDelegate.swift */ = {isa = PBXFileReference; lastKnownFileType = sourcecode.swift; path = SceneDelegate.swift; sourceTree = "<group>"; };
		FA25A2092A91765900D9A9BA /* Assets.xcassets */ = {isa = PBXFileReference; lastKnownFileType = folder.assetcatalog; path = Assets.xcassets; sourceTree = "<group>"; };
		FA25A20C2A91765900D9A9BA /* Base */ = {isa = PBXFileReference; lastKnownFileType = file.storyboard; name = Base; path = Base.lproj/LaunchScreen.storyboard; sourceTree = "<group>"; };
		FA25A20E2A91765900D9A9BA /* Info.plist */ = {isa = PBXFileReference; lastKnownFileType = text.plist.xml; path = Info.plist; sourceTree = "<group>"; };
		FA25A2132A91765900D9A9BA /* Movies-ListTests.xctest */ = {isa = PBXFileReference; explicitFileType = wrapper.cfbundle; includeInIndex = 0; path = "Movies-ListTests.xctest"; sourceTree = BUILT_PRODUCTS_DIR; };
		FA25A2172A91765900D9A9BA /* Movies_ListTests.swift */ = {isa = PBXFileReference; lastKnownFileType = sourcecode.swift; path = Movies_ListTests.swift; sourceTree = "<group>"; };
		FA25A21D2A91765900D9A9BA /* Movies-ListUITests.xctest */ = {isa = PBXFileReference; explicitFileType = wrapper.cfbundle; includeInIndex = 0; path = "Movies-ListUITests.xctest"; sourceTree = BUILT_PRODUCTS_DIR; };
		FA25A2212A91765900D9A9BA /* Movies_ListUITests.swift */ = {isa = PBXFileReference; lastKnownFileType = sourcecode.swift; path = Movies_ListUITests.swift; sourceTree = "<group>"; };
		FA25A2232A91765900D9A9BA /* Movies_ListUITestsLaunchTests.swift */ = {isa = PBXFileReference; lastKnownFileType = sourcecode.swift; path = Movies_ListUITestsLaunchTests.swift; sourceTree = "<group>"; };
		FA25A2322A917A4E00D9A9BA /* PopularMoviesViewController.swift */ = {isa = PBXFileReference; lastKnownFileType = sourcecode.swift; path = PopularMoviesViewController.swift; sourceTree = "<group>"; };
		FA25A2332A917A4E00D9A9BA /* PopularMoviesViewController.xib */ = {isa = PBXFileReference; lastKnownFileType = file.xib; path = PopularMoviesViewController.xib; sourceTree = "<group>"; };
		FA5DAC8D2A922A760076918F /* PopularMovieCell.swift */ = {isa = PBXFileReference; lastKnownFileType = sourcecode.swift; path = PopularMovieCell.swift; sourceTree = "<group>"; };
		FA5DAC8E2A922A760076918F /* PopularMovieCell.xib */ = {isa = PBXFileReference; lastKnownFileType = file.xib; path = PopularMovieCell.xib; sourceTree = "<group>"; };
		FA5DAC922A922E050076918F /* MovieSummary.swift */ = {isa = PBXFileReference; lastKnownFileType = sourcecode.swift; path = MovieSummary.swift; sourceTree = "<group>"; };
		FA5DACA02A9233DD0076918F /* NetworkClient.swift */ = {isa = PBXFileReference; fileEncoding = 4; lastKnownFileType = sourcecode.swift; path = NetworkClient.swift; sourceTree = "<group>"; };
		FA5DACA22A9233DD0076918F /* EndPoints.swift */ = {isa = PBXFileReference; fileEncoding = 4; lastKnownFileType = sourcecode.swift; path = EndPoints.swift; sourceTree = "<group>"; };
		FA5DACA42A9233DD0076918F /* NetworkManager.swift */ = {isa = PBXFileReference; fileEncoding = 4; lastKnownFileType = sourcecode.swift; path = NetworkManager.swift; sourceTree = "<group>"; };
		FA5DACB02A923A970076918F /* PopularMoviesViewModel.swift */ = {isa = PBXFileReference; lastKnownFileType = sourcecode.swift; path = PopularMoviesViewModel.swift; sourceTree = "<group>"; };
		FA5DACB52A92ABF20076918F /* MovieDetailsVC.swift */ = {isa = PBXFileReference; lastKnownFileType = sourcecode.swift; path = MovieDetailsVC.swift; sourceTree = "<group>"; };
		FA5DACB62A92ABF20076918F /* MovieDetailsVC.xib */ = {isa = PBXFileReference; lastKnownFileType = file.xib; path = MovieDetailsVC.xib; sourceTree = "<group>"; };
		FA5DACBA2A92B9B80076918F /* MovieDetails.swift */ = {isa = PBXFileReference; lastKnownFileType = sourcecode.swift; path = MovieDetails.swift; sourceTree = "<group>"; };
		FA5DACBE2A92BCDA0076918F /* MovieDetailsViewModel.swift */ = {isa = PBXFileReference; lastKnownFileType = sourcecode.swift; path = MovieDetailsViewModel.swift; sourceTree = "<group>"; };
		FA5DACC22A92CCA00076918F /* ViewController.swift */ = {isa = PBXFileReference; lastKnownFileType = sourcecode.swift; path = ViewController.swift; sourceTree = "<group>"; };
/* End PBXFileReference section */

/* Begin PBXFrameworksBuildPhase section */
		FA25A1FA2A91765700D9A9BA /* Frameworks */ = {
			isa = PBXFrameworksBuildPhase;
			buildActionMask = 2147483647;
			files = (
				23695F47821BAB545517DEFD /* Pods_Movies_List.framework in Frameworks */,
			);
			runOnlyForDeploymentPostprocessing = 0;
		};
		FA25A2102A91765900D9A9BA /* Frameworks */ = {
			isa = PBXFrameworksBuildPhase;
			buildActionMask = 2147483647;
			files = (
				B61E1DF780F33B8DB4D38AFA /* Pods_Movies_ListTests.framework in Frameworks */,
			);
			runOnlyForDeploymentPostprocessing = 0;
		};
		FA25A21A2A91765900D9A9BA /* Frameworks */ = {
			isa = PBXFrameworksBuildPhase;
			buildActionMask = 2147483647;
			files = (
				7E5A67712D7F7784095B949B /* Pods_Movies_List_Movies_ListUITests.framework in Frameworks */,
			);
			runOnlyForDeploymentPostprocessing = 0;
		};
/* End PBXFrameworksBuildPhase section */

/* Begin PBXGroup section */
		9E8D9E0772E91CDE9952F064 /* Frameworks */ = {
			isa = PBXGroup;
			children = (
				D03EDA0FB0E4E032C25EF4D8 /* Pods_Movies_List.framework */,
				4B372058AA053FAA3A9226E0 /* Pods_Movies_List_Movies_ListUITests.framework */,
				6F81CBE2620AC23F74D020C8 /* Pods_Movies_ListTests.framework */,
			);
			name = Frameworks;
			sourceTree = "<group>";
		};
		C056D1F9D57E189D48EB5E54 /* Pods */ = {
			isa = PBXGroup;
			children = (
				DD17AAD122CD25D3081762F4 /* Pods-Movies-List.debug.xcconfig */,
				A9C8143698DE6B1A52E09795 /* Pods-Movies-List.release.xcconfig */,
				52F4FBC2699D502DBE55BBA9 /* Pods-Movies-List-Movies-ListUITests.debug.xcconfig */,
				F053F6DC704BEF58F09C05D5 /* Pods-Movies-List-Movies-ListUITests.release.xcconfig */,
				E063426ECDD6238E36FA2629 /* Pods-Movies-ListTests.debug.xcconfig */,
				AE875899092ACE89F426A0F8 /* Pods-Movies-ListTests.release.xcconfig */,
			);
			path = Pods;
			sourceTree = "<group>";
		};
		FA25A1F42A91765700D9A9BA = {
			isa = PBXGroup;
			children = (
				FA25A1FF2A91765700D9A9BA /* Movies-List */,
				FA25A2162A91765900D9A9BA /* Movies-ListTests */,
				FA25A2202A91765900D9A9BA /* Movies-ListUITests */,
				FA25A1FE2A91765700D9A9BA /* Products */,
				C056D1F9D57E189D48EB5E54 /* Pods */,
				9E8D9E0772E91CDE9952F064 /* Frameworks */,
			);
			sourceTree = "<group>";
		};
		FA25A1FE2A91765700D9A9BA /* Products */ = {
			isa = PBXGroup;
			children = (
				FA25A1FD2A91765700D9A9BA /* Movies-List.app */,
				FA25A2132A91765900D9A9BA /* Movies-ListTests.xctest */,
				FA25A21D2A91765900D9A9BA /* Movies-ListUITests.xctest */,
			);
			name = Products;
			sourceTree = "<group>";
		};
		FA25A1FF2A91765700D9A9BA /* Movies-List */ = {
			isa = PBXGroup;
			children = (
				FA5DACC02A92CC810076918F /* Extensions */,
				FA5DACAA2A92351B0076918F /* Supporting Files */,
				FA5DAC9F2A9233DD0076918F /* Networking */,
				FA25A2302A917A0300D9A9BA /* Features */,
				FA25A2002A91765700D9A9BA /* AppDelegate.swift */,
				FA25A2022A91765700D9A9BA /* SceneDelegate.swift */,
				FA25A2092A91765900D9A9BA /* Assets.xcassets */,
				FA25A20B2A91765900D9A9BA /* LaunchScreen.storyboard */,
				FA25A20E2A91765900D9A9BA /* Info.plist */,
			);
			path = "Movies-List";
			sourceTree = "<group>";
		};
		FA25A2162A91765900D9A9BA /* Movies-ListTests */ = {
			isa = PBXGroup;
			children = (
				FA25A2172A91765900D9A9BA /* Movies_ListTests.swift */,
			);
			path = "Movies-ListTests";
			sourceTree = "<group>";
		};
		FA25A2202A91765900D9A9BA /* Movies-ListUITests */ = {
			isa = PBXGroup;
			children = (
				FA25A2212A91765900D9A9BA /* Movies_ListUITests.swift */,
				FA25A2232A91765900D9A9BA /* Movies_ListUITestsLaunchTests.swift */,
			);
			path = "Movies-ListUITests";
			sourceTree = "<group>";
		};
		FA25A2302A917A0300D9A9BA /* Features */ = {
			isa = PBXGroup;
			children = (
				FA5DACB32A92AB9E0076918F /* Movie Details */,
				FA25A2312A917A1000D9A9BA /* Popular Movies */,
			);
			path = Features;
			sourceTree = "<group>";
		};
		FA25A2312A917A1000D9A9BA /* Popular Movies */ = {
			isa = PBXGroup;
			children = (
				FA5DACAF2A923A430076918F /* View Model */,
				FA5DAC912A922DDD0076918F /* Model */,
				FA5DAC8C2A92281F0076918F /* Cells */,
				FA25A2362A917B3E00D9A9BA /* View Controllers */,
			);
			path = "Popular Movies";
			sourceTree = "<group>";
		};
		FA25A2362A917B3E00D9A9BA /* View Controllers */ = {
			isa = PBXGroup;
			children = (
				FA25A2322A917A4E00D9A9BA /* PopularMoviesViewController.swift */,
				FA25A2332A917A4E00D9A9BA /* PopularMoviesViewController.xib */,
			);
			path = "View Controllers";
			sourceTree = "<group>";
		};
		FA5DAC8C2A92281F0076918F /* Cells */ = {
			isa = PBXGroup;
			children = (
				FA5DAC8D2A922A760076918F /* PopularMovieCell.swift */,
				FA5DAC8E2A922A760076918F /* PopularMovieCell.xib */,
			);
			path = Cells;
			sourceTree = "<group>";
		};
		FA5DAC912A922DDD0076918F /* Model */ = {
			isa = PBXGroup;
			children = (
				FA5DAC922A922E050076918F /* MovieSummary.swift */,
			);
			path = Model;
			sourceTree = "<group>";
		};
		FA5DAC9F2A9233DD0076918F /* Networking */ = {
			isa = PBXGroup;
			children = (
				FA5DACA02A9233DD0076918F /* NetworkClient.swift */,
				FA5DACA22A9233DD0076918F /* EndPoints.swift */,
				FA5DACA42A9233DD0076918F /* NetworkManager.swift */,
			);
			path = Networking;
			sourceTree = "<group>";
		};
		FA5DACAA2A92351B0076918F /* Supporting Files */ = {
			isa = PBXGroup;
			children = (
			);
			path = "Supporting Files";
			sourceTree = "<group>";
		};
		FA5DACAF2A923A430076918F /* View Model */ = {
			isa = PBXGroup;
			children = (
				FA5DACB02A923A970076918F /* PopularMoviesViewModel.swift */,
			);
			path = "View Model";
			sourceTree = "<group>";
		};
		FA5DACB32A92AB9E0076918F /* Movie Details */ = {
			isa = PBXGroup;
			children = (
				FA5DACBD2A92BCBB0076918F /* View Model */,
				FA5DACB92A92B99E0076918F /* Model */,
				FA5DACB42A92ABB10076918F /* View Controllers */,
			);
			path = "Movie Details";
			sourceTree = "<group>";
		};
		FA5DACB42A92ABB10076918F /* View Controllers */ = {
			isa = PBXGroup;
			children = (
				FA5DACB52A92ABF20076918F /* MovieDetailsVC.swift */,
				FA5DACB62A92ABF20076918F /* MovieDetailsVC.xib */,
			);
			path = "View Controllers";
			sourceTree = "<group>";
		};
		FA5DACB92A92B99E0076918F /* Model */ = {
			isa = PBXGroup;
			children = (
				FA5DACBA2A92B9B80076918F /* MovieDetails.swift */,
			);
			path = Model;
			sourceTree = "<group>";
		};
		FA5DACBD2A92BCBB0076918F /* View Model */ = {
			isa = PBXGroup;
			children = (
				FA5DACBE2A92BCDA0076918F /* MovieDetailsViewModel.swift */,
			);
			path = "View Model";
			sourceTree = "<group>";
		};
		FA5DACC02A92CC810076918F /* Extensions */ = {
			isa = PBXGroup;
			children = (
				FA5DACC22A92CCA00076918F /* ViewController.swift */,
			);
			path = Extensions;
			sourceTree = "<group>";
		};
/* End PBXGroup section */

/* Begin PBXNativeTarget section */
		FA25A1FC2A91765700D9A9BA /* Movies-List */ = {
			isa = PBXNativeTarget;
			buildConfigurationList = FA25A2272A91765900D9A9BA /* Build configuration list for PBXNativeTarget "Movies-List" */;
			buildPhases = (
				D72A993398C04403A2131427 /* [CP] Check Pods Manifest.lock */,
				FA25A1F92A91765700D9A9BA /* Sources */,
				FA25A1FA2A91765700D9A9BA /* Frameworks */,
				FA25A1FB2A91765700D9A9BA /* Resources */,
				2F97B967FE3E1B0129968B01 /* [CP] Embed Pods Frameworks */,
			);
			buildRules = (
			);
			dependencies = (
			);
			name = "Movies-List";
			productName = "Movies-List";
			productReference = FA25A1FD2A91765700D9A9BA /* Movies-List.app */;
			productType = "com.apple.product-type.application";
		};
		FA25A2122A91765900D9A9BA /* Movies-ListTests */ = {
			isa = PBXNativeTarget;
			buildConfigurationList = FA25A22A2A91765900D9A9BA /* Build configuration list for PBXNativeTarget "Movies-ListTests" */;
			buildPhases = (
				7675D571CF4E78215A26501D /* [CP] Check Pods Manifest.lock */,
				FA25A20F2A91765900D9A9BA /* Sources */,
				FA25A2102A91765900D9A9BA /* Frameworks */,
				FA25A2112A91765900D9A9BA /* Resources */,
			);
			buildRules = (
			);
			dependencies = (
				FA25A2152A91765900D9A9BA /* PBXTargetDependency */,
			);
			name = "Movies-ListTests";
			productName = "Movies-ListTests";
			productReference = FA25A2132A91765900D9A9BA /* Movies-ListTests.xctest */;
			productType = "com.apple.product-type.bundle.unit-test";
		};
		FA25A21C2A91765900D9A9BA /* Movies-ListUITests */ = {
			isa = PBXNativeTarget;
			buildConfigurationList = FA25A22D2A91765900D9A9BA /* Build configuration list for PBXNativeTarget "Movies-ListUITests" */;
			buildPhases = (
				03AB8B24B0DAA45AB089CE21 /* [CP] Check Pods Manifest.lock */,
				FA25A2192A91765900D9A9BA /* Sources */,
				FA25A21A2A91765900D9A9BA /* Frameworks */,
				FA25A21B2A91765900D9A9BA /* Resources */,
				B2859263BBB6652F31BC5053 /* [CP] Embed Pods Frameworks */,
			);
			buildRules = (
			);
			dependencies = (
				FA25A21F2A91765900D9A9BA /* PBXTargetDependency */,
			);
			name = "Movies-ListUITests";
			productName = "Movies-ListUITests";
			productReference = FA25A21D2A91765900D9A9BA /* Movies-ListUITests.xctest */;
			productType = "com.apple.product-type.bundle.ui-testing";
		};
/* End PBXNativeTarget section */

/* Begin PBXProject section */
		FA25A1F52A91765700D9A9BA /* Project object */ = {
			isa = PBXProject;
			attributes = {
				BuildIndependentTargetsInParallel = 1;
				LastSwiftUpdateCheck = 1300;
				LastUpgradeCheck = 1300;
				TargetAttributes = {
					FA25A1FC2A91765700D9A9BA = {
						CreatedOnToolsVersion = 13.0;
					};
					FA25A2122A91765900D9A9BA = {
						CreatedOnToolsVersion = 13.0;
						TestTargetID = FA25A1FC2A91765700D9A9BA;
					};
					FA25A21C2A91765900D9A9BA = {
						CreatedOnToolsVersion = 13.0;
						TestTargetID = FA25A1FC2A91765700D9A9BA;
					};
				};
			};
			buildConfigurationList = FA25A1F82A91765700D9A9BA /* Build configuration list for PBXProject "Movies-List" */;
			compatibilityVersion = "Xcode 13.0";
			developmentRegion = en;
			hasScannedForEncodings = 0;
			knownRegions = (
				en,
				Base,
			);
			mainGroup = FA25A1F42A91765700D9A9BA;
			productRefGroup = FA25A1FE2A91765700D9A9BA /* Products */;
			projectDirPath = "";
			projectRoot = "";
			targets = (
				FA25A1FC2A91765700D9A9BA /* Movies-List */,
				FA25A2122A91765900D9A9BA /* Movies-ListTests */,
				FA25A21C2A91765900D9A9BA /* Movies-ListUITests */,
			);
		};
/* End PBXProject section */

/* Begin PBXResourcesBuildPhase section */
		FA25A1FB2A91765700D9A9BA /* Resources */ = {
			isa = PBXResourcesBuildPhase;
			buildActionMask = 2147483647;
			files = (
				FA5DAC902A922A760076918F /* PopularMovieCell.xib in Resources */,
				FA25A2352A917A4E00D9A9BA /* PopularMoviesViewController.xib in Resources */,
				FA25A20D2A91765900D9A9BA /* LaunchScreen.storyboard in Resources */,
				FA5DACB82A92ABF20076918F /* MovieDetailsVC.xib in Resources */,
				FA25A20A2A91765900D9A9BA /* Assets.xcassets in Resources */,
			);
			runOnlyForDeploymentPostprocessing = 0;
		};
		FA25A2112A91765900D9A9BA /* Resources */ = {
			isa = PBXResourcesBuildPhase;
			buildActionMask = 2147483647;
			files = (
			);
			runOnlyForDeploymentPostprocessing = 0;
		};
		FA25A21B2A91765900D9A9BA /* Resources */ = {
			isa = PBXResourcesBuildPhase;
			buildActionMask = 2147483647;
			files = (
			);
			runOnlyForDeploymentPostprocessing = 0;
		};
/* End PBXResourcesBuildPhase section */

/* Begin PBXShellScriptBuildPhase section */
		03AB8B24B0DAA45AB089CE21 /* [CP] Check Pods Manifest.lock */ = {
			isa = PBXShellScriptBuildPhase;
			buildActionMask = 2147483647;
			files = (
			);
			inputFileListPaths = (
			);
			inputPaths = (
				"${PODS_PODFILE_DIR_PATH}/Podfile.lock",
				"${PODS_ROOT}/Manifest.lock",
			);
			name = "[CP] Check Pods Manifest.lock";
			outputFileListPaths = (
			);
			outputPaths = (
				"$(DERIVED_FILE_DIR)/Pods-Movies-List-Movies-ListUITests-checkManifestLockResult.txt",
			);
			runOnlyForDeploymentPostprocessing = 0;
			shellPath = /bin/sh;
			shellScript = "diff \"${PODS_PODFILE_DIR_PATH}/Podfile.lock\" \"${PODS_ROOT}/Manifest.lock\" > /dev/null\nif [ $? != 0 ] ; then\n    # print error to STDERR\n    echo \"error: The sandbox is not in sync with the Podfile.lock. Run 'pod install' or update your CocoaPods installation.\" >&2\n    exit 1\nfi\n# This output is used by Xcode 'outputs' to avoid re-running this script phase.\necho \"SUCCESS\" > \"${SCRIPT_OUTPUT_FILE_0}\"\n";
			showEnvVarsInLog = 0;
		};
		2F97B967FE3E1B0129968B01 /* [CP] Embed Pods Frameworks */ = {
			isa = PBXShellScriptBuildPhase;
			buildActionMask = 2147483647;
			files = (
			);
			inputFileListPaths = (
				"${PODS_ROOT}/Target Support Files/Pods-Movies-List/Pods-Movies-List-frameworks-${CONFIGURATION}-input-files.xcfilelist",
			);
			name = "[CP] Embed Pods Frameworks";
			outputFileListPaths = (
				"${PODS_ROOT}/Target Support Files/Pods-Movies-List/Pods-Movies-List-frameworks-${CONFIGURATION}-output-files.xcfilelist",
			);
			runOnlyForDeploymentPostprocessing = 0;
			shellPath = /bin/sh;
			shellScript = "\"${PODS_ROOT}/Target Support Files/Pods-Movies-List/Pods-Movies-List-frameworks.sh\"\n";
			showEnvVarsInLog = 0;
		};
		7675D571CF4E78215A26501D /* [CP] Check Pods Manifest.lock */ = {
			isa = PBXShellScriptBuildPhase;
			buildActionMask = 2147483647;
			files = (
			);
			inputFileListPaths = (
			);
			inputPaths = (
				"${PODS_PODFILE_DIR_PATH}/Podfile.lock",
				"${PODS_ROOT}/Manifest.lock",
			);
			name = "[CP] Check Pods Manifest.lock";
			outputFileListPaths = (
			);
			outputPaths = (
				"$(DERIVED_FILE_DIR)/Pods-Movies-ListTests-checkManifestLockResult.txt",
			);
			runOnlyForDeploymentPostprocessing = 0;
			shellPath = /bin/sh;
			shellScript = "diff \"${PODS_PODFILE_DIR_PATH}/Podfile.lock\" \"${PODS_ROOT}/Manifest.lock\" > /dev/null\nif [ $? != 0 ] ; then\n    # print error to STDERR\n    echo \"error: The sandbox is not in sync with the Podfile.lock. Run 'pod install' or update your CocoaPods installation.\" >&2\n    exit 1\nfi\n# This output is used by Xcode 'outputs' to avoid re-running this script phase.\necho \"SUCCESS\" > \"${SCRIPT_OUTPUT_FILE_0}\"\n";
			showEnvVarsInLog = 0;
		};
		B2859263BBB6652F31BC5053 /* [CP] Embed Pods Frameworks */ = {
			isa = PBXShellScriptBuildPhase;
			buildActionMask = 2147483647;
			files = (
			);
			inputFileListPaths = (
				"${PODS_ROOT}/Target Support Files/Pods-Movies-List-Movies-ListUITests/Pods-Movies-List-Movies-ListUITests-frameworks-${CONFIGURATION}-input-files.xcfilelist",
			);
			name = "[CP] Embed Pods Frameworks";
			outputFileListPaths = (
				"${PODS_ROOT}/Target Support Files/Pods-Movies-List-Movies-ListUITests/Pods-Movies-List-Movies-ListUITests-frameworks-${CONFIGURATION}-output-files.xcfilelist",
			);
			runOnlyForDeploymentPostprocessing = 0;
			shellPath = /bin/sh;
			shellScript = "\"${PODS_ROOT}/Target Support Files/Pods-Movies-List-Movies-ListUITests/Pods-Movies-List-Movies-ListUITests-frameworks.sh\"\n";
			showEnvVarsInLog = 0;
		};
		D72A993398C04403A2131427 /* [CP] Check Pods Manifest.lock */ = {
			isa = PBXShellScriptBuildPhase;
			buildActionMask = 2147483647;
			files = (
			);
			inputFileListPaths = (
			);
			inputPaths = (
				"${PODS_PODFILE_DIR_PATH}/Podfile.lock",
				"${PODS_ROOT}/Manifest.lock",
			);
			name = "[CP] Check Pods Manifest.lock";
			outputFileListPaths = (
			);
			outputPaths = (
				"$(DERIVED_FILE_DIR)/Pods-Movies-List-checkManifestLockResult.txt",
			);
			runOnlyForDeploymentPostprocessing = 0;
			shellPath = /bin/sh;
			shellScript = "diff \"${PODS_PODFILE_DIR_PATH}/Podfile.lock\" \"${PODS_ROOT}/Manifest.lock\" > /dev/null\nif [ $? != 0 ] ; then\n    # print error to STDERR\n    echo \"error: The sandbox is not in sync with the Podfile.lock. Run 'pod install' or update your CocoaPods installation.\" >&2\n    exit 1\nfi\n# This output is used by Xcode 'outputs' to avoid re-running this script phase.\necho \"SUCCESS\" > \"${SCRIPT_OUTPUT_FILE_0}\"\n";
			showEnvVarsInLog = 0;
		};
/* End PBXShellScriptBuildPhase section */

/* Begin PBXSourcesBuildPhase section */
		FA25A1F92A91765700D9A9BA /* Sources */ = {
			isa = PBXSourcesBuildPhase;
			buildActionMask = 2147483647;
			files = (
				FA5DACA92A9233DD0076918F /* NetworkManager.swift in Sources */,
				FA5DAC8F2A922A760076918F /* PopularMovieCell.swift in Sources */,
				FA25A2012A91765700D9A9BA /* AppDelegate.swift in Sources */,
				FA5DAC932A922E050076918F /* MovieSummary.swift in Sources */,
				FA5DACB72A92ABF20076918F /* MovieDetailsVC.swift in Sources */,
				FA25A2342A917A4E00D9A9BA /* PopularMoviesViewController.swift in Sources */,
				FA25A2032A91765700D9A9BA /* SceneDelegate.swift in Sources */,
				FA5DACA72A9233DD0076918F /* EndPoints.swift in Sources */,
				FA5DACC32A92CCA00076918F /* ViewController.swift in Sources */,
				FA5DACBF2A92BCDA0076918F /* MovieDetailsViewModel.swift in Sources */,
				FA5DACA52A9233DD0076918F /* NetworkClient.swift in Sources */,
				FA5DACB12A923A970076918F /* PopularMoviesViewModel.swift in Sources */,
				FA5DACBB2A92B9B80076918F /* MovieDetails.swift in Sources */,
			);
			runOnlyForDeploymentPostprocessing = 0;
		};
		FA25A20F2A91765900D9A9BA /* Sources */ = {
			isa = PBXSourcesBuildPhase;
			buildActionMask = 2147483647;
			files = (
				FA25A2182A91765900D9A9BA /* Movies_ListTests.swift in Sources */,
			);
			runOnlyForDeploymentPostprocessing = 0;
		};
		FA25A2192A91765900D9A9BA /* Sources */ = {
			isa = PBXSourcesBuildPhase;
			buildActionMask = 2147483647;
			files = (
				FA25A2222A91765900D9A9BA /* Movies_ListUITests.swift in Sources */,
				FA25A2242A91765900D9A9BA /* Movies_ListUITestsLaunchTests.swift in Sources */,
			);
			runOnlyForDeploymentPostprocessing = 0;
		};
/* End PBXSourcesBuildPhase section */

/* Begin PBXTargetDependency section */
		FA25A2152A91765900D9A9BA /* PBXTargetDependency */ = {
			isa = PBXTargetDependency;
			target = FA25A1FC2A91765700D9A9BA /* Movies-List */;
			targetProxy = FA25A2142A91765900D9A9BA /* PBXContainerItemProxy */;
		};
		FA25A21F2A91765900D9A9BA /* PBXTargetDependency */ = {
			isa = PBXTargetDependency;
			target = FA25A1FC2A91765700D9A9BA /* Movies-List */;
			targetProxy = FA25A21E2A91765900D9A9BA /* PBXContainerItemProxy */;
		};
/* End PBXTargetDependency section */

/* Begin PBXVariantGroup section */
		FA25A20B2A91765900D9A9BA /* LaunchScreen.storyboard */ = {
			isa = PBXVariantGroup;
			children = (
				FA25A20C2A91765900D9A9BA /* Base */,
			);
			name = LaunchScreen.storyboard;
			sourceTree = "<group>";
		};
/* End PBXVariantGroup section */

/* Begin XCBuildConfiguration section */
		FA25A2252A91765900D9A9BA /* Debug */ = {
			isa = XCBuildConfiguration;
			buildSettings = {
				ALWAYS_SEARCH_USER_PATHS = NO;
				CLANG_ANALYZER_NONNULL = YES;
				CLANG_ANALYZER_NUMBER_OBJECT_CONVERSION = YES_AGGRESSIVE;
				CLANG_CXX_LANGUAGE_STANDARD = "gnu++17";
				CLANG_CXX_LIBRARY = "libc++";
				CLANG_ENABLE_MODULES = YES;
				CLANG_ENABLE_OBJC_ARC = YES;
				CLANG_ENABLE_OBJC_WEAK = YES;
				CLANG_WARN_BLOCK_CAPTURE_AUTORELEASING = YES;
				CLANG_WARN_BOOL_CONVERSION = YES;
				CLANG_WARN_COMMA = YES;
				CLANG_WARN_CONSTANT_CONVERSION = YES;
				CLANG_WARN_DEPRECATED_OBJC_IMPLEMENTATIONS = YES;
				CLANG_WARN_DIRECT_OBJC_ISA_USAGE = YES_ERROR;
				CLANG_WARN_DOCUMENTATION_COMMENTS = YES;
				CLANG_WARN_EMPTY_BODY = YES;
				CLANG_WARN_ENUM_CONVERSION = YES;
				CLANG_WARN_INFINITE_RECURSION = YES;
				CLANG_WARN_INT_CONVERSION = YES;
				CLANG_WARN_NON_LITERAL_NULL_CONVERSION = YES;
				CLANG_WARN_OBJC_IMPLICIT_RETAIN_SELF = YES;
				CLANG_WARN_OBJC_LITERAL_CONVERSION = YES;
				CLANG_WARN_OBJC_ROOT_CLASS = YES_ERROR;
				CLANG_WARN_QUOTED_INCLUDE_IN_FRAMEWORK_HEADER = YES;
				CLANG_WARN_RANGE_LOOP_ANALYSIS = YES;
				CLANG_WARN_STRICT_PROTOTYPES = YES;
				CLANG_WARN_SUSPICIOUS_MOVE = YES;
				CLANG_WARN_UNGUARDED_AVAILABILITY = YES_AGGRESSIVE;
				CLANG_WARN_UNREACHABLE_CODE = YES;
				CLANG_WARN__DUPLICATE_METHOD_MATCH = YES;
				COPY_PHASE_STRIP = NO;
				DEBUG_INFORMATION_FORMAT = dwarf;
				ENABLE_STRICT_OBJC_MSGSEND = YES;
				ENABLE_TESTABILITY = YES;
				GCC_C_LANGUAGE_STANDARD = gnu11;
				GCC_DYNAMIC_NO_PIC = NO;
				GCC_NO_COMMON_BLOCKS = YES;
				GCC_OPTIMIZATION_LEVEL = 0;
				GCC_PREPROCESSOR_DEFINITIONS = (
					"DEBUG=1",
					"$(inherited)",
				);
				GCC_WARN_64_TO_32_BIT_CONVERSION = YES;
				GCC_WARN_ABOUT_RETURN_TYPE = YES_ERROR;
				GCC_WARN_UNDECLARED_SELECTOR = YES;
				GCC_WARN_UNINITIALIZED_AUTOS = YES_AGGRESSIVE;
				GCC_WARN_UNUSED_FUNCTION = YES;
				GCC_WARN_UNUSED_VARIABLE = YES;
				IPHONEOS_DEPLOYMENT_TARGET = 15.0;
				MTL_ENABLE_DEBUG_INFO = INCLUDE_SOURCE;
				MTL_FAST_MATH = YES;
				ONLY_ACTIVE_ARCH = YES;
				SDKROOT = iphoneos;
				SWIFT_ACTIVE_COMPILATION_CONDITIONS = DEBUG;
				SWIFT_OPTIMIZATION_LEVEL = "-Onone";
			};
			name = Debug;
		};
		FA25A2262A91765900D9A9BA /* Release */ = {
			isa = XCBuildConfiguration;
			buildSettings = {
				ALWAYS_SEARCH_USER_PATHS = NO;
				CLANG_ANALYZER_NONNULL = YES;
				CLANG_ANALYZER_NUMBER_OBJECT_CONVERSION = YES_AGGRESSIVE;
				CLANG_CXX_LANGUAGE_STANDARD = "gnu++17";
				CLANG_CXX_LIBRARY = "libc++";
				CLANG_ENABLE_MODULES = YES;
				CLANG_ENABLE_OBJC_ARC = YES;
				CLANG_ENABLE_OBJC_WEAK = YES;
				CLANG_WARN_BLOCK_CAPTURE_AUTORELEASING = YES;
				CLANG_WARN_BOOL_CONVERSION = YES;
				CLANG_WARN_COMMA = YES;
				CLANG_WARN_CONSTANT_CONVERSION = YES;
				CLANG_WARN_DEPRECATED_OBJC_IMPLEMENTATIONS = YES;
				CLANG_WARN_DIRECT_OBJC_ISA_USAGE = YES_ERROR;
				CLANG_WARN_DOCUMENTATION_COMMENTS = YES;
				CLANG_WARN_EMPTY_BODY = YES;
				CLANG_WARN_ENUM_CONVERSION = YES;
				CLANG_WARN_INFINITE_RECURSION = YES;
				CLANG_WARN_INT_CONVERSION = YES;
				CLANG_WARN_NON_LITERAL_NULL_CONVERSION = YES;
				CLANG_WARN_OBJC_IMPLICIT_RETAIN_SELF = YES;
				CLANG_WARN_OBJC_LITERAL_CONVERSION = YES;
				CLANG_WARN_OBJC_ROOT_CLASS = YES_ERROR;
				CLANG_WARN_QUOTED_INCLUDE_IN_FRAMEWORK_HEADER = YES;
				CLANG_WARN_RANGE_LOOP_ANALYSIS = YES;
				CLANG_WARN_STRICT_PROTOTYPES = YES;
				CLANG_WARN_SUSPICIOUS_MOVE = YES;
				CLANG_WARN_UNGUARDED_AVAILABILITY = YES_AGGRESSIVE;
				CLANG_WARN_UNREACHABLE_CODE = YES;
				CLANG_WARN__DUPLICATE_METHOD_MATCH = YES;
				COPY_PHASE_STRIP = NO;
				DEBUG_INFORMATION_FORMAT = "dwarf-with-dsym";
				ENABLE_NS_ASSERTIONS = NO;
				ENABLE_STRICT_OBJC_MSGSEND = YES;
				GCC_C_LANGUAGE_STANDARD = gnu11;
				GCC_NO_COMMON_BLOCKS = YES;
				GCC_WARN_64_TO_32_BIT_CONVERSION = YES;
				GCC_WARN_ABOUT_RETURN_TYPE = YES_ERROR;
				GCC_WARN_UNDECLARED_SELECTOR = YES;
				GCC_WARN_UNINITIALIZED_AUTOS = YES_AGGRESSIVE;
				GCC_WARN_UNUSED_FUNCTION = YES;
				GCC_WARN_UNUSED_VARIABLE = YES;
				IPHONEOS_DEPLOYMENT_TARGET = 15.0;
				MTL_ENABLE_DEBUG_INFO = NO;
				MTL_FAST_MATH = YES;
				SDKROOT = iphoneos;
				SWIFT_COMPILATION_MODE = wholemodule;
				SWIFT_OPTIMIZATION_LEVEL = "-O";
				VALIDATE_PRODUCT = YES;
			};
			name = Release;
		};
		FA25A2282A91765900D9A9BA /* Debug */ = {
			isa = XCBuildConfiguration;
			baseConfigurationReference = DD17AAD122CD25D3081762F4 /* Pods-Movies-List.debug.xcconfig */;
			buildSettings = {
				ASSETCATALOG_COMPILER_APPICON_NAME = AppIcon;
				ASSETCATALOG_COMPILER_GLOBAL_ACCENT_COLOR_NAME = AccentColor;
				CODE_SIGN_STYLE = Automatic;
				CURRENT_PROJECT_VERSION = 1;
				GENERATE_INFOPLIST_FILE = YES;
				INFOPLIST_FILE = "Movies-List/Info.plist";
				INFOPLIST_KEY_UIApplicationSupportsIndirectInputEvents = YES;
				INFOPLIST_KEY_UILaunchStoryboardName = LaunchScreen;
				INFOPLIST_KEY_UIMainStoryboardFile = "";
				INFOPLIST_KEY_UISupportedInterfaceOrientations_iPad = "UIInterfaceOrientationPortrait UIInterfaceOrientationPortraitUpsideDown UIInterfaceOrientationLandscapeLeft UIInterfaceOrientationLandscapeRight";
				INFOPLIST_KEY_UISupportedInterfaceOrientations_iPhone = "UIInterfaceOrientationPortrait UIInterfaceOrientationLandscapeLeft UIInterfaceOrientationLandscapeRight";
				LD_RUNPATH_SEARCH_PATHS = (
					"$(inherited)",
					"@executable_path/Frameworks",
				);
				MARKETING_VERSION = 1.0;
				PRODUCT_BUNDLE_IDENTIFIER = "com.mahadhaq.Movies-List";
				PRODUCT_NAME = "$(TARGET_NAME)";
				SWIFT_EMIT_LOC_STRINGS = YES;
				SWIFT_VERSION = 5.0;
				TARGETED_DEVICE_FAMILY = "1,2";
			};
			name = Debug;
		};
		FA25A2292A91765900D9A9BA /* Release */ = {
			isa = XCBuildConfiguration;
			baseConfigurationReference = A9C8143698DE6B1A52E09795 /* Pods-Movies-List.release.xcconfig */;
			buildSettings = {
				ASSETCATALOG_COMPILER_APPICON_NAME = AppIcon;
				ASSETCATALOG_COMPILER_GLOBAL_ACCENT_COLOR_NAME = AccentColor;
				CODE_SIGN_STYLE = Automatic;
				CURRENT_PROJECT_VERSION = 1;
				GENERATE_INFOPLIST_FILE = YES;
				INFOPLIST_FILE = "Movies-List/Info.plist";
				INFOPLIST_KEY_UIApplicationSupportsIndirectInputEvents = YES;
				INFOPLIST_KEY_UILaunchStoryboardName = LaunchScreen;
				INFOPLIST_KEY_UIMainStoryboardFile = "";
				INFOPLIST_KEY_UISupportedInterfaceOrientations_iPad = "UIInterfaceOrientationPortrait UIInterfaceOrientationPortraitUpsideDown UIInterfaceOrientationLandscapeLeft UIInterfaceOrientationLandscapeRight";
				INFOPLIST_KEY_UISupportedInterfaceOrientations_iPhone = "UIInterfaceOrientationPortrait UIInterfaceOrientationLandscapeLeft UIInterfaceOrientationLandscapeRight";
				LD_RUNPATH_SEARCH_PATHS = (
					"$(inherited)",
					"@executable_path/Frameworks",
				);
				MARKETING_VERSION = 1.0;
				PRODUCT_BUNDLE_IDENTIFIER = "com.mahadhaq.Movies-List";
				PRODUCT_NAME = "$(TARGET_NAME)";
				SWIFT_EMIT_LOC_STRINGS = YES;
				SWIFT_VERSION = 5.0;
				TARGETED_DEVICE_FAMILY = "1,2";
			};
			name = Release;
		};
		FA25A22B2A91765900D9A9BA /* Debug */ = {
			isa = XCBuildConfiguration;
			baseConfigurationReference = E063426ECDD6238E36FA2629 /* Pods-Movies-ListTests.debug.xcconfig */;
			buildSettings = {
				ALWAYS_EMBED_SWIFT_STANDARD_LIBRARIES = YES;
				BUNDLE_LOADER = "$(TEST_HOST)";
				CODE_SIGN_STYLE = Automatic;
				CURRENT_PROJECT_VERSION = 1;
				GENERATE_INFOPLIST_FILE = YES;
				IPHONEOS_DEPLOYMENT_TARGET = 15.0;
				LD_RUNPATH_SEARCH_PATHS = (
					"$(inherited)",
					"@executable_path/Frameworks",
					"@loader_path/Frameworks",
				);
				MARKETING_VERSION = 1.0;
				PRODUCT_BUNDLE_IDENTIFIER = "com.mahadhaq.Movies-ListTests";
				PRODUCT_NAME = "$(TARGET_NAME)";
				SWIFT_EMIT_LOC_STRINGS = NO;
				SWIFT_VERSION = 5.0;
				TARGETED_DEVICE_FAMILY = "1,2";
				TEST_HOST = "$(BUILT_PRODUCTS_DIR)/Movies-List.app/Movies-List";
			};
			name = Debug;
		};
		FA25A22C2A91765900D9A9BA /* Release */ = {
			isa = XCBuildConfiguration;
			baseConfigurationReference = AE875899092ACE89F426A0F8 /* Pods-Movies-ListTests.release.xcconfig */;
			buildSettings = {
				ALWAYS_EMBED_SWIFT_STANDARD_LIBRARIES = YES;
				BUNDLE_LOADER = "$(TEST_HOST)";
				CODE_SIGN_STYLE = Automatic;
				CURRENT_PROJECT_VERSION = 1;
				GENERATE_INFOPLIST_FILE = YES;
				IPHONEOS_DEPLOYMENT_TARGET = 15.0;
				LD_RUNPATH_SEARCH_PATHS = (
					"$(inherited)",
					"@executable_path/Frameworks",
					"@loader_path/Frameworks",
				);
				MARKETING_VERSION = 1.0;
				PRODUCT_BUNDLE_IDENTIFIER = "com.mahadhaq.Movies-ListTests";
				PRODUCT_NAME = "$(TARGET_NAME)";
				SWIFT_EMIT_LOC_STRINGS = NO;
				SWIFT_VERSION = 5.0;
				TARGETED_DEVICE_FAMILY = "1,2";
				TEST_HOST = "$(BUILT_PRODUCTS_DIR)/Movies-List.app/Movies-List";
			};
			name = Release;
		};
		FA25A22E2A91765900D9A9BA /* Debug */ = {
			isa = XCBuildConfiguration;
			baseConfigurationReference = 52F4FBC2699D502DBE55BBA9 /* Pods-Movies-List-Movies-ListUITests.debug.xcconfig */;
			buildSettings = {
				ALWAYS_EMBED_SWIFT_STANDARD_LIBRARIES = YES;
				CODE_SIGN_STYLE = Automatic;
				CURRENT_PROJECT_VERSION = 1;
				GENERATE_INFOPLIST_FILE = YES;
				LD_RUNPATH_SEARCH_PATHS = (
					"$(inherited)",
					"@executable_path/Frameworks",
					"@loader_path/Frameworks",
				);
				MARKETING_VERSION = 1.0;
				PRODUCT_BUNDLE_IDENTIFIER = "com.mahadhaq.Movies-ListUITests";
				PRODUCT_NAME = "$(TARGET_NAME)";
				SWIFT_EMIT_LOC_STRINGS = NO;
				SWIFT_VERSION = 5.0;
				TARGETED_DEVICE_FAMILY = "1,2";
				TEST_TARGET_NAME = "Movies-List";
			};
			name = Debug;
		};
		FA25A22F2A91765900D9A9BA /* Release */ = {
			isa = XCBuildConfiguration;
			baseConfigurationReference = F053F6DC704BEF58F09C05D5 /* Pods-Movies-List-Movies-ListUITests.release.xcconfig */;
			buildSettings = {
				ALWAYS_EMBED_SWIFT_STANDARD_LIBRARIES = YES;
				CODE_SIGN_STYLE = Automatic;
				CURRENT_PROJECT_VERSION = 1;
				GENERATE_INFOPLIST_FILE = YES;
				LD_RUNPATH_SEARCH_PATHS = (
					"$(inherited)",
					"@executable_path/Frameworks",
					"@loader_path/Frameworks",
				);
				MARKETING_VERSION = 1.0;
				PRODUCT_BUNDLE_IDENTIFIER = "com.mahadhaq.Movies-ListUITests";
				PRODUCT_NAME = "$(TARGET_NAME)";
				SWIFT_EMIT_LOC_STRINGS = NO;
				SWIFT_VERSION = 5.0;
				TARGETED_DEVICE_FAMILY = "1,2";
				TEST_TARGET_NAME = "Movies-List";
			};
			name = Release;
		};
/* End XCBuildConfiguration section */

/* Begin XCConfigurationList section */
		FA25A1F82A91765700D9A9BA /* Build configuration list for PBXProject "Movies-List" */ = {
			isa = XCConfigurationList;
			buildConfigurations = (
				FA25A2252A91765900D9A9BA /* Debug */,
				FA25A2262A91765900D9A9BA /* Release */,
			);
			defaultConfigurationIsVisible = 0;
			defaultConfigurationName = Release;
		};
		FA25A2272A91765900D9A9BA /* Build configuration list for PBXNativeTarget "Movies-List" */ = {
			isa = XCConfigurationList;
			buildConfigurations = (
				FA25A2282A91765900D9A9BA /* Debug */,
				FA25A2292A91765900D9A9BA /* Release */,
			);
			defaultConfigurationIsVisible = 0;
			defaultConfigurationName = Release;
		};
		FA25A22A2A91765900D9A9BA /* Build configuration list for PBXNativeTarget "Movies-ListTests" */ = {
			isa = XCConfigurationList;
			buildConfigurations = (
				FA25A22B2A91765900D9A9BA /* Debug */,
				FA25A22C2A91765900D9A9BA /* Release */,
			);
			defaultConfigurationIsVisible = 0;
			defaultConfigurationName = Release;
		};
		FA25A22D2A91765900D9A9BA /* Build configuration list for PBXNativeTarget "Movies-ListUITests" */ = {
			isa = XCConfigurationList;
			buildConfigurations = (
				FA25A22E2A91765900D9A9BA /* Debug */,
				FA25A22F2A91765900D9A9BA /* Release */,
			);
			defaultConfigurationIsVisible = 0;
			defaultConfigurationName = Release;
		};
/* End XCConfigurationList section */
	};
	rootObject = FA25A1F52A91765700D9A9BA /* Project object */;
}
